// !$*UTF8*$!
{
	archiveVersion = 1;
	classes = {
	};
	objectVersion = 77;
	objects = {

/* Begin PBXContainerItemProxy section */
		7CAD50222CDFE25000BFB75E /* PBXContainerItemProxy */ = {
			isa = PBXContainerItemProxy;
			containerPortal = 7CAD50092CDFE24E00BFB75E /* Project object */;
			proxyType = 1;
			remoteGlobalIDString = 7CAD50102CDFE24E00BFB75E;
			remoteInfo = "smart-coaster-ios";
		};
		7CAD502C2CDFE25000BFB75E /* PBXContainerItemProxy */ = {
			isa = PBXContainerItemProxy;
			containerPortal = 7CAD50092CDFE24E00BFB75E /* Project object */;
			proxyType = 1;
			remoteGlobalIDString = 7CAD50102CDFE24E00BFB75E;
			remoteInfo = "smart-coaster-ios";
		};
/* End PBXContainerItemProxy section */

/* Begin PBXFileReference section */
		7CAD50112CDFE24E00BFB75E /* smart-coaster-ios.app */ = {isa = PBXFileReference; explicitFileType = wrapper.application; includeInIndex = 0; path = "smart-coaster-ios.app"; sourceTree = BUILT_PRODUCTS_DIR; };
		7CAD50212CDFE25000BFB75E /* smart-coaster-iosTests.xctest */ = {isa = PBXFileReference; explicitFileType = wrapper.cfbundle; includeInIndex = 0; path = "smart-coaster-iosTests.xctest"; sourceTree = BUILT_PRODUCTS_DIR; };
		7CAD502B2CDFE25000BFB75E /* smart-coaster-iosUITests.xctest */ = {isa = PBXFileReference; explicitFileType = wrapper.cfbundle; includeInIndex = 0; path = "smart-coaster-iosUITests.xctest"; sourceTree = BUILT_PRODUCTS_DIR; };
/* End PBXFileReference section */

/* Begin PBXFileSystemSynchronizedBuildFileExceptionSet section */
		7CAD505B2CE037CB00BFB75E /* Exceptions for "smart-coaster-ios" folder in "smart-coaster-ios" target */ = {
			isa = PBXFileSystemSynchronizedBuildFileExceptionSet;
			membershipExceptions = (
				Info.plist,
			);
			target = 7CAD50102CDFE24E00BFB75E /* smart-coaster-ios */;
		};
		7CAD505E2CE03B5900BFB75E /* Exceptions for "smart-coaster-ios" folder in "smart-coaster-iosTests" target */ = {
			isa = PBXFileSystemSynchronizedBuildFileExceptionSet;
			membershipExceptions = (
				ContentView.swift,
			);
			target = 7CAD50202CDFE25000BFB75E /* smart-coaster-iosTests */;
		};
		7CAD505F2CE03B5900BFB75E /* Exceptions for "smart-coaster-ios" folder in "smart-coaster-iosUITests" target */ = {
			isa = PBXFileSystemSynchronizedBuildFileExceptionSet;
			membershipExceptions = (
				ContentView.swift,
			);
			target = 7CAD502A2CDFE25000BFB75E /* smart-coaster-iosUITests */;
		};
/* End PBXFileSystemSynchronizedBuildFileExceptionSet section */

/* Begin PBXFileSystemSynchronizedRootGroup section */
		7CAD50132CDFE24E00BFB75E /* smart-coaster-ios */ = {
			isa = PBXFileSystemSynchronizedRootGroup;
			exceptions = (
				7CAD505B2CE037CB00BFB75E /* Exceptions for "smart-coaster-ios" folder in "smart-coaster-ios" target */,
				7CAD505E2CE03B5900BFB75E /* Exceptions for "smart-coaster-ios" folder in "smart-coaster-iosTests" target */,
				7CAD505F2CE03B5900BFB75E /* Exceptions for "smart-coaster-ios" folder in "smart-coaster-iosUITests" target */,
			);
			path = "smart-coaster-ios";
			sourceTree = "<group>";
		};
		7CAD50242CDFE25000BFB75E /* smart-coaster-iosTests */ = {
			isa = PBXFileSystemSynchronizedRootGroup;
			path = "smart-coaster-iosTests";
			sourceTree = "<group>";
		};
		7CAD502E2CDFE25000BFB75E /* smart-coaster-iosUITests */ = {
			isa = PBXFileSystemSynchronizedRootGroup;
			path = "smart-coaster-iosUITests";
			sourceTree = "<group>";
		};
/* End PBXFileSystemSynchronizedRootGroup section */

/* Begin PBXFrameworksBuildPhase section */
		7CAD500E2CDFE24E00BFB75E /* Frameworks */ = {
			isa = PBXFrameworksBuildPhase;
			buildActionMask = 2147483647;
			files = (
			);
			runOnlyForDeploymentPostprocessing = 0;
		};
		7CAD501E2CDFE25000BFB75E /* Frameworks */ = {
			isa = PBXFrameworksBuildPhase;
			buildActionMask = 2147483647;
			files = (
			);
			runOnlyForDeploymentPostprocessing = 0;
		};
		7CAD50282CDFE25000BFB75E /* Frameworks */ = {
			isa = PBXFrameworksBuildPhase;
			buildActionMask = 2147483647;
			files = (
			);
			runOnlyForDeploymentPostprocessing = 0;
		};
/* End PBXFrameworksBuildPhase section */

/* Begin PBXGroup section */
		7CAD50082CDFE24E00BFB75E = {
			isa = PBXGroup;
			children = (
				7CAD50132CDFE24E00BFB75E /* smart-coaster-ios */,
				7CAD50242CDFE25000BFB75E /* smart-coaster-iosTests */,
				7CAD502E2CDFE25000BFB75E /* smart-coaster-iosUITests */,
				7CAD50122CDFE24E00BFB75E /* Products */,
			);
			sourceTree = "<group>";
		};
		7CAD50122CDFE24E00BFB75E /* Products */ = {
			isa = PBXGroup;
			children = (
				7CAD50112CDFE24E00BFB75E /* smart-coaster-ios.app */,
				7CAD50212CDFE25000BFB75E /* smart-coaster-iosTests.xctest */,
				7CAD502B2CDFE25000BFB75E /* smart-coaster-iosUITests.xctest */,
			);
			name = Products;
			sourceTree = "<group>";
		};
/* End PBXGroup section */

/* Begin PBXNativeTarget section */
		7CAD50102CDFE24E00BFB75E /* smart-coaster-ios */ = {
			isa = PBXNativeTarget;
			buildConfigurationList = 7CAD50352CDFE25000BFB75E /* Build configuration list for PBXNativeTarget "smart-coaster-ios" */;
			buildPhases = (
				7CAD500D2CDFE24E00BFB75E /* Sources */,
				7CAD500E2CDFE24E00BFB75E /* Frameworks */,
				7CAD500F2CDFE24E00BFB75E /* Resources */,
			);
			buildRules = (
			);
			dependencies = (
			);
			fileSystemSynchronizedGroups = (
				7CAD50132CDFE24E00BFB75E /* smart-coaster-ios */,
			);
			name = "smart-coaster-ios";
			packageProductDependencies = (
			);
			productName = "smart-coaster-ios";
			productReference = 7CAD50112CDFE24E00BFB75E /* smart-coaster-ios.app */;
			productType = "com.apple.product-type.application";
		};
		7CAD50202CDFE25000BFB75E /* smart-coaster-iosTests */ = {
			isa = PBXNativeTarget;
			buildConfigurationList = 7CAD50382CDFE25000BFB75E /* Build configuration list for PBXNativeTarget "smart-coaster-iosTests" */;
			buildPhases = (
				7CAD501D2CDFE25000BFB75E /* Sources */,
				7CAD501E2CDFE25000BFB75E /* Frameworks */,
				7CAD501F2CDFE25000BFB75E /* Resources */,
			);
			buildRules = (
			);
			dependencies = (
				7CAD50232CDFE25000BFB75E /* PBXTargetDependency */,
			);
			fileSystemSynchronizedGroups = (
				7CAD50242CDFE25000BFB75E /* smart-coaster-iosTests */,
			);
			name = "smart-coaster-iosTests";
			packageProductDependencies = (
			);
			productName = "smart-coaster-iosTests";
			productReference = 7CAD50212CDFE25000BFB75E /* smart-coaster-iosTests.xctest */;
			productType = "com.apple.product-type.bundle.unit-test";
		};
		7CAD502A2CDFE25000BFB75E /* smart-coaster-iosUITests */ = {
			isa = PBXNativeTarget;
			buildConfigurationList = 7CAD503B2CDFE25000BFB75E /* Build configuration list for PBXNativeTarget "smart-coaster-iosUITests" */;
			buildPhases = (
				7CAD50272CDFE25000BFB75E /* Sources */,
				7CAD50282CDFE25000BFB75E /* Frameworks */,
				7CAD50292CDFE25000BFB75E /* Resources */,
			);
			buildRules = (
			);
			dependencies = (
				7CAD502D2CDFE25000BFB75E /* PBXTargetDependency */,
			);
			fileSystemSynchronizedGroups = (
				7CAD502E2CDFE25000BFB75E /* smart-coaster-iosUITests */,
			);
			name = "smart-coaster-iosUITests";
			packageProductDependencies = (
			);
			productName = "smart-coaster-iosUITests";
			productReference = 7CAD502B2CDFE25000BFB75E /* smart-coaster-iosUITests.xctest */;
			productType = "com.apple.product-type.bundle.ui-testing";
		};
/* End PBXNativeTarget section */

/* Begin PBXProject section */
		7CAD50092CDFE24E00BFB75E /* Project object */ = {
			isa = PBXProject;
			attributes = {
				BuildIndependentTargetsInParallel = 1;
				LastSwiftUpdateCheck = 1610;
				LastUpgradeCheck = 1610;
				TargetAttributes = {
					7CAD50102CDFE24E00BFB75E = {
						CreatedOnToolsVersion = 16.1;
					};
					7CAD50202CDFE25000BFB75E = {
						CreatedOnToolsVersion = 16.1;
						TestTargetID = 7CAD50102CDFE24E00BFB75E;
					};
					7CAD502A2CDFE25000BFB75E = {
						CreatedOnToolsVersion = 16.1;
						TestTargetID = 7CAD50102CDFE24E00BFB75E;
					};
				};
			};
			buildConfigurationList = 7CAD500C2CDFE24E00BFB75E /* Build configuration list for PBXProject "smart-coaster-ios" */;
			developmentRegion = en;
			hasScannedForEncodings = 0;
			knownRegions = (
				en,
				Base,
			);
			mainGroup = 7CAD50082CDFE24E00BFB75E;
			minimizedProjectReferenceProxies = 1;
			preferredProjectObjectVersion = 77;
			productRefGroup = 7CAD50122CDFE24E00BFB75E /* Products */;
			projectDirPath = "";
			projectRoot = "";
			targets = (
				7CAD50102CDFE24E00BFB75E /* smart-coaster-ios */,
				7CAD50202CDFE25000BFB75E /* smart-coaster-iosTests */,
				7CAD502A2CDFE25000BFB75E /* smart-coaster-iosUITests */,
			);
		};
/* End PBXProject section */

/* Begin PBXResourcesBuildPhase section */
		7CAD500F2CDFE24E00BFB75E /* Resources */ = {
			isa = PBXResourcesBuildPhase;
			buildActionMask = 2147483647;
			files = (
			);
			runOnlyForDeploymentPostprocessing = 0;
		};
		7CAD501F2CDFE25000BFB75E /* Resources */ = {
			isa = PBXResourcesBuildPhase;
			buildActionMask = 2147483647;
			files = (
			);
			runOnlyForDeploymentPostprocessing = 0;
		};
		7CAD50292CDFE25000BFB75E /* Resources */ = {
			isa = PBXResourcesBuildPhase;
			buildActionMask = 2147483647;
			files = (
			);
			runOnlyForDeploymentPostprocessing = 0;
		};
/* End PBXResourcesBuildPhase section */

/* Begin PBXSourcesBuildPhase section */
		7CAD500D2CDFE24E00BFB75E /* Sources */ = {
			isa = PBXSourcesBuildPhase;
			buildActionMask = 2147483647;
			files = (
			);
			runOnlyForDeploymentPostprocessing = 0;
		};
		7CAD501D2CDFE25000BFB75E /* Sources */ = {
			isa = PBXSourcesBuildPhase;
			buildActionMask = 2147483647;
			files = (
			);
			runOnlyForDeploymentPostprocessing = 0;
		};
		7CAD50272CDFE25000BFB75E /* Sources */ = {
			isa = PBXSourcesBuildPhase;
			buildActionMask = 2147483647;
			files = (
			);
			runOnlyForDeploymentPostprocessing = 0;
		};
/* End PBXSourcesBuildPhase section */

/* Begin PBXTargetDependency section */
		7CAD50232CDFE25000BFB75E /* PBXTargetDependency */ = {
			isa = PBXTargetDependency;
			target = 7CAD50102CDFE24E00BFB75E /* smart-coaster-ios */;
			targetProxy = 7CAD50222CDFE25000BFB75E /* PBXContainerItemProxy */;
		};
		7CAD502D2CDFE25000BFB75E /* PBXTargetDependency */ = {
			isa = PBXTargetDependency;
			target = 7CAD50102CDFE24E00BFB75E /* smart-coaster-ios */;
			targetProxy = 7CAD502C2CDFE25000BFB75E /* PBXContainerItemProxy */;
		};
/* End PBXTargetDependency section */

/* Begin XCBuildConfiguration section */
		7CAD50332CDFE25000BFB75E /* Debug */ = {
			isa = XCBuildConfiguration;
			buildSettings = {
				ALWAYS_SEARCH_USER_PATHS = NO;
				ASSETCATALOG_COMPILER_GENERATE_SWIFT_ASSET_SYMBOL_EXTENSIONS = YES;
				CLANG_ANALYZER_NONNULL = YES;
				CLANG_ANALYZER_NUMBER_OBJECT_CONVERSION = YES_AGGRESSIVE;
				CLANG_CXX_LANGUAGE_STANDARD = "gnu++20";
				CLANG_ENABLE_MODULES = YES;
				CLANG_ENABLE_OBJC_ARC = YES;
				CLANG_ENABLE_OBJC_WEAK = YES;
				CLANG_WARN_BLOCK_CAPTURE_AUTORELEASING = YES;
				CLANG_WARN_BOOL_CONVERSION = YES;
				CLANG_WARN_COMMA = YES;
				CLANG_WARN_CONSTANT_CONVERSION = YES;
				CLANG_WARN_DEPRECATED_OBJC_IMPLEMENTATIONS = YES;
				CLANG_WARN_DIRECT_OBJC_ISA_USAGE = YES_ERROR;
				CLANG_WARN_DOCUMENTATION_COMMENTS = YES;
				CLANG_WARN_EMPTY_BODY = YES;
				CLANG_WARN_ENUM_CONVERSION = YES;
				CLANG_WARN_INFINITE_RECURSION = YES;
				CLANG_WARN_INT_CONVERSION = YES;
				CLANG_WARN_NON_LITERAL_NULL_CONVERSION = YES;
				CLANG_WARN_OBJC_IMPLICIT_RETAIN_SELF = YES;
				CLANG_WARN_OBJC_LITERAL_CONVERSION = YES;
				CLANG_WARN_OBJC_ROOT_CLASS = YES_ERROR;
				CLANG_WARN_QUOTED_INCLUDE_IN_FRAMEWORK_HEADER = YES;
				CLANG_WARN_RANGE_LOOP_ANALYSIS = YES;
				CLANG_WARN_STRICT_PROTOTYPES = YES;
				CLANG_WARN_SUSPICIOUS_MOVE = YES;
				CLANG_WARN_UNGUARDED_AVAILABILITY = YES_AGGRESSIVE;
				CLANG_WARN_UNREACHABLE_CODE = YES;
				CLANG_WARN__DUPLICATE_METHOD_MATCH = YES;
				COPY_PHASE_STRIP = NO;
				DEBUG_INFORMATION_FORMAT = dwarf;
				ENABLE_STRICT_OBJC_MSGSEND = YES;
				ENABLE_TESTABILITY = YES;
				ENABLE_USER_SCRIPT_SANDBOXING = YES;
				GCC_C_LANGUAGE_STANDARD = gnu17;
				GCC_DYNAMIC_NO_PIC = NO;
				GCC_NO_COMMON_BLOCKS = YES;
				GCC_OPTIMIZATION_LEVEL = 0;
				GCC_PREPROCESSOR_DEFINITIONS = (
					"DEBUG=1",
					"$(inherited)",
				);
				GCC_WARN_64_TO_32_BIT_CONVERSION = YES;
				GCC_WARN_ABOUT_RETURN_TYPE = YES_ERROR;
				GCC_WARN_UNDECLARED_SELECTOR = YES;
				GCC_WARN_UNINITIALIZED_AUTOS = YES_AGGRESSIVE;
				GCC_WARN_UNUSED_FUNCTION = YES;
				GCC_WARN_UNUSED_VARIABLE = YES;
				IPHONEOS_DEPLOYMENT_TARGET = 18.1;
				LOCALIZATION_PREFERS_STRING_CATALOGS = YES;
				MTL_ENABLE_DEBUG_INFO = INCLUDE_SOURCE;
				MTL_FAST_MATH = YES;
				ONLY_ACTIVE_ARCH = YES;
				SDKROOT = iphoneos;
				SWIFT_ACTIVE_COMPILATION_CONDITIONS = "DEBUG $(inherited)";
				SWIFT_OPTIMIZATION_LEVEL = "-Onone";
			};
			name = Debug;
		};
		7CAD50342CDFE25000BFB75E /* Release */ = {
			isa = XCBuildConfiguration;
			buildSettings = {
				ALWAYS_SEARCH_USER_PATHS = NO;
				ASSETCATALOG_COMPILER_GENERATE_SWIFT_ASSET_SYMBOL_EXTENSIONS = YES;
				CLANG_ANALYZER_NONNULL = YES;
				CLANG_ANALYZER_NUMBER_OBJECT_CONVERSION = YES_AGGRESSIVE;
				CLANG_CXX_LANGUAGE_STANDARD = "gnu++20";
				CLANG_ENABLE_MODULES = YES;
				CLANG_ENABLE_OBJC_ARC = YES;
				CLANG_ENABLE_OBJC_WEAK = YES;
				CLANG_WARN_BLOCK_CAPTURE_AUTORELEASING = YES;
				CLANG_WARN_BOOL_CONVERSION = YES;
				CLANG_WARN_COMMA = YES;
				CLANG_WARN_CONSTANT_CONVERSION = YES;
				CLANG_WARN_DEPRECATED_OBJC_IMPLEMENTATIONS = YES;
				CLANG_WARN_DIRECT_OBJC_ISA_USAGE = YES_ERROR;
				CLANG_WARN_DOCUMENTATION_COMMENTS = YES;
				CLANG_WARN_EMPTY_BODY = YES;
				CLANG_WARN_ENUM_CONVERSION = YES;
				CLANG_WARN_INFINITE_RECURSION = YES;
				CLANG_WARN_INT_CONVERSION = YES;
				CLANG_WARN_NON_LITERAL_NULL_CONVERSION = YES;
				CLANG_WARN_OBJC_IMPLICIT_RETAIN_SELF = YES;
				CLANG_WARN_OBJC_LITERAL_CONVERSION = YES;
				CLANG_WARN_OBJC_ROOT_CLASS = YES_ERROR;
				CLANG_WARN_QUOTED_INCLUDE_IN_FRAMEWORK_HEADER = YES;
				CLANG_WARN_RANGE_LOOP_ANALYSIS = YES;
				CLANG_WARN_STRICT_PROTOTYPES = YES;
				CLANG_WARN_SUSPICIOUS_MOVE = YES;
				CLANG_WARN_UNGUARDED_AVAILABILITY = YES_AGGRESSIVE;
				CLANG_WARN_UNREACHABLE_CODE = YES;
				CLANG_WARN__DUPLICATE_METHOD_MATCH = YES;
				COPY_PHASE_STRIP = NO;
				DEBUG_INFORMATION_FORMAT = "dwarf-with-dsym";
				ENABLE_NS_ASSERTIONS = NO;
				ENABLE_STRICT_OBJC_MSGSEND = YES;
				ENABLE_USER_SCRIPT_SANDBOXING = YES;
				GCC_C_LANGUAGE_STANDARD = gnu17;
				GCC_NO_COMMON_BLOCKS = YES;
				GCC_WARN_64_TO_32_BIT_CONVERSION = YES;
				GCC_WARN_ABOUT_RETURN_TYPE = YES_ERROR;
				GCC_WARN_UNDECLARED_SELECTOR = YES;
				GCC_WARN_UNINITIALIZED_AUTOS = YES_AGGRESSIVE;
				GCC_WARN_UNUSED_FUNCTION = YES;
				GCC_WARN_UNUSED_VARIABLE = YES;
				IPHONEOS_DEPLOYMENT_TARGET = 18.1;
				LOCALIZATION_PREFERS_STRING_CATALOGS = YES;
				MTL_ENABLE_DEBUG_INFO = NO;
				MTL_FAST_MATH = YES;
				SDKROOT = iphoneos;
				SWIFT_COMPILATION_MODE = wholemodule;
				VALIDATE_PRODUCT = YES;
			};
			name = Release;
		};
		7CAD50362CDFE25000BFB75E /* Debug */ = {
			isa = XCBuildConfiguration;
			buildSettings = {
				ASSETCATALOG_COMPILER_APPICON_NAME = AppIcon;
				ASSETCATALOG_COMPILER_GLOBAL_ACCENT_COLOR_NAME = AccentColor;
				CODE_SIGN_STYLE = Automatic;
				CURRENT_PROJECT_VERSION = 1;
				DEVELOPMENT_ASSET_PATHS = "\"smart-coaster-ios/Preview Content\"";
				ENABLE_PREVIEWS = YES;
				GENERATE_INFOPLIST_FILE = YES;
				INFOPLIST_FILE = "smart-coaster-ios/Info.plist";
				INFOPLIST_KEY_UIApplicationSceneManifest_Generation = YES;
				INFOPLIST_KEY_UIApplicationSupportsIndirectInputEvents = YES;
				INFOPLIST_KEY_UILaunchScreen_Generation = YES;
				INFOPLIST_KEY_UISupportedInterfaceOrientations_iPad = "UIInterfaceOrientationPortrait UIInterfaceOrientationPortraitUpsideDown UIInterfaceOrientationLandscapeLeft UIInterfaceOrientationLandscapeRight";
				INFOPLIST_KEY_UISupportedInterfaceOrientations_iPhone = "UIInterfaceOrientationPortrait UIInterfaceOrientationLandscapeLeft UIInterfaceOrientationLandscapeRight";
				LD_RUNPATH_SEARCH_PATHS = (
					"$(inherited)",
					"@executable_path/Frameworks",
				);
				MARKETING_VERSION = 1.0;
				PRODUCT_BUNDLE_IDENTIFIER = "vyogalingam.smart-coaster-ios";
				PRODUCT_NAME = "$(TARGET_NAME)";
				SWIFT_EMIT_LOC_STRINGS = YES;
				SWIFT_VERSION = 5.0;
				TARGETED_DEVICE_FAMILY = "1,2";
			};
			name = Debug;
		};
		7CAD50372CDFE25000BFB75E /* Release */ = {
			isa = XCBuildConfiguration;
			buildSettings = {
				ASSETCATALOG_COMPILER_APPICON_NAME = AppIcon;
				ASSETCATALOG_COMPILER_GLOBAL_ACCENT_COLOR_NAME = AccentColor;
				CODE_SIGN_STYLE = Automatic;
				CURRENT_PROJECT_VERSION = 1;
				DEVELOPMENT_ASSET_PATHS = "\"smart-coaster-ios/Preview Content\"";
				ENABLE_PREVIEWS = YES;
				GENERATE_INFOPLIST_FILE = YES;
				INFOPLIST_FILE = "smart-coaster-ios/Info.plist";
				INFOPLIST_KEY_UIApplicationSceneManifest_Generation = YES;
				INFOPLIST_KEY_UIApplicationSupportsIndirectInputEvents = YES;
				INFOPLIST_KEY_UILaunchScreen_Generation = YES;
				INFOPLIST_KEY_UISupportedInterfaceOrientations_iPad = "UIInterfaceOrientationPortrait UIInterfaceOrientationPortraitUpsideDown UIInterfaceOrientationLandscapeLeft UIInterfaceOrientationLandscapeRight";
				INFOPLIST_KEY_UISupportedInterfaceOrientations_iPhone = "UIInterfaceOrientationPortrait UIInterfaceOrientationLandscapeLeft UIInterfaceOrientationLandscapeRight";
				LD_RUNPATH_SEARCH_PATHS = (
					"$(inherited)",
					"@executable_path/Frameworks",
				);
				MARKETING_VERSION = 1.0;
				PRODUCT_BUNDLE_IDENTIFIER = "vyogalingam.smart-coaster-ios";
				PRODUCT_NAME = "$(TARGET_NAME)";
				SWIFT_EMIT_LOC_STRINGS = YES;
				SWIFT_VERSION = 5.0;
				TARGETED_DEVICE_FAMILY = "1,2";
			};
			name = Release;
		};
		7CAD50392CDFE25000BFB75E /* Debug */ = {
			isa = XCBuildConfiguration;
			buildSettings = {
				BUNDLE_LOADER = "$(TEST_HOST)";
				CODE_SIGN_STYLE = Automatic;
				CURRENT_PROJECT_VERSION = 1;
				GENERATE_INFOPLIST_FILE = YES;
				IPHONEOS_DEPLOYMENT_TARGET = 18.1;
				MARKETING_VERSION = 1.0;
				PRODUCT_BUNDLE_IDENTIFIER = "vyogalingam.smart-coaster-iosTests";
				PRODUCT_NAME = "$(TARGET_NAME)";
				SWIFT_EMIT_LOC_STRINGS = NO;
				SWIFT_VERSION = 5.0;
				TARGETED_DEVICE_FAMILY = "1,2";
				TEST_HOST = "$(BUILT_PRODUCTS_DIR)/smart-coaster-ios.app/$(BUNDLE_EXECUTABLE_FOLDER_PATH)/smart-coaster-ios";
			};
			name = Debug;
		};
		7CAD503A2CDFE25000BFB75E /* Release */ = {
			isa = XCBuildConfiguration;
			buildSettings = {
				BUNDLE_LOADER = "$(TEST_HOST)";
				CODE_SIGN_STYLE = Automatic;
				CURRENT_PROJECT_VERSION = 1;
				GENERATE_INFOPLIST_FILE = YES;
				IPHONEOS_DEPLOYMENT_TARGET = 18.1;
				MARKETING_VERSION = 1.0;
				PRODUCT_BUNDLE_IDENTIFIER = "vyogalingam.smart-coaster-iosTests";
				PRODUCT_NAME = "$(TARGET_NAME)";
				SWIFT_EMIT_LOC_STRINGS = NO;
				SWIFT_VERSION = 5.0;
				TARGETED_DEVICE_FAMILY = "1,2";
				TEST_HOST = "$(BUILT_PRODUCTS_DIR)/smart-coaster-ios.app/$(BUNDLE_EXECUTABLE_FOLDER_PATH)/smart-coaster-ios";
			};
			name = Release;
		};
		7CAD503C2CDFE25000BFB75E /* Debug */ = {
			isa = XCBuildConfiguration;
			buildSettings = {
				CODE_SIGN_STYLE = Automatic;
				CURRENT_PROJECT_VERSION = 1;
				GENERATE_INFOPLIST_FILE = YES;
				MARKETING_VERSION = 1.0;
				PRODUCT_BUNDLE_IDENTIFIER = "vyogalingam.smart-coaster-iosUITests";
				PRODUCT_NAME = "$(TARGET_NAME)";
				SWIFT_EMIT_LOC_STRINGS = NO;
				SWIFT_VERSION = 5.0;
				TARGETED_DEVICE_FAMILY = "1,2";
				TEST_TARGET_NAME = "smart-coaster-ios";
			};
			name = Debug;
		};
		7CAD503D2CDFE25000BFB75E /* Release */ = {
			isa = XCBuildConfiguration;
			buildSettings = {
				CODE_SIGN_STYLE = Automatic;
				CURRENT_PROJECT_VERSION = 1;
				GENERATE_INFOPLIST_FILE = YES;
				MARKETING_VERSION = 1.0;
				PRODUCT_BUNDLE_IDENTIFIER = "vyogalingam.smart-coaster-iosUITests";
				PRODUCT_NAME = "$(TARGET_NAME)";
				SWIFT_EMIT_LOC_STRINGS = NO;
				SWIFT_VERSION = 5.0;
				TARGETED_DEVICE_FAMILY = "1,2";
				TEST_TARGET_NAME = "smart-coaster-ios";
			};
			name = Release;
		};
/* End XCBuildConfiguration section */

/* Begin XCConfigurationList section */
		7CAD500C2CDFE24E00BFB75E /* Build configuration list for PBXProject "smart-coaster-ios" */ = {
			isa = XCConfigurationList;
			buildConfigurations = (
				7CAD50332CDFE25000BFB75E /* Debug */,
				7CAD50342CDFE25000BFB75E /* Release */,
			);
			defaultConfigurationIsVisible = 0;
			defaultConfigurationName = Release;
		};
		7CAD50352CDFE25000BFB75E /* Build configuration list for PBXNativeTarget "smart-coaster-ios" */ = {
			isa = XCConfigurationList;
			buildConfigurations = (
				7CAD50362CDFE25000BFB75E /* Debug */,
				7CAD50372CDFE25000BFB75E /* Release */,
			);
			defaultConfigurationIsVisible = 0;
			defaultConfigurationName = Release;
		};
		7CAD50382CDFE25000BFB75E /* Build configuration list for PBXNativeTarget "smart-coaster-iosTests" */ = {
			isa = XCConfigurationList;
			buildConfigurations = (
				7CAD50392CDFE25000BFB75E /* Debug */,
				7CAD503A2CDFE25000BFB75E /* Release */,
			);
			defaultConfigurationIsVisible = 0;
			defaultConfigurationName = Release;
		};
		7CAD503B2CDFE25000BFB75E /* Build configuration list for PBXNativeTarget "smart-coaster-iosUITests" */ = {
			isa = XCConfigurationList;
			buildConfigurations = (
				7CAD503C2CDFE25000BFB75E /* Debug */,
				7CAD503D2CDFE25000BFB75E /* Release */,
			);
			defaultConfigurationIsVisible = 0;
			defaultConfigurationName = Release;
		};
/* End XCConfigurationList section */
	};
	rootObject = 7CAD50092CDFE24E00BFB75E /* Project object */;
}
